<?xml version="1.0" encoding="utf-8"?>
<Project ToolsVersion="4.0" xmlns="http://schemas.microsoft.com/developer/msbuild/2003">
  <ItemGroup>
    <Filter Include="Source Files">
      <UniqueIdentifier>{4FC737F1-C7A5-4376-A066-2A32D752A2FF}</UniqueIdentifier>
      <Extensions>cpp;c;cc;cxx;def;odl;idl;hpj;bat;asm;asmx</Extensions>
    </Filter>
    <Filter Include="Header Files">
      <UniqueIdentifier>{93995380-89BD-4b04-88EB-625FBE52EBFB}</UniqueIdentifier>
      <Extensions>h;hh;hpp;hxx;hm;inl;inc;ipp;xsd</Extensions>
    </Filter>
    <Filter Include="Resource Files">
      <UniqueIdentifier>{67DA6AB6-F800-4c08-8B7A-83BB121AAD01}</UniqueIdentifier>
      <Extensions>rc;ico;cur;bmp;dlg;rc2;rct;bin;rgs;gif;jpg;jpeg;jpe;resx;tiff;tif;png;wav;mfcribbon-ms</Extensions>
    </Filter>
    <Filter Include="Release">
      <UniqueIdentifier>{7797df98-8827-48a4-bba9-d27a0b3aa861}</UniqueIdentifier>
    </Filter>
    <Filter Include="Debug">
      <UniqueIdentifier>{006c5263-f679-408c-9729-996ce9cc7008}</UniqueIdentifier>
    </Filter>
  </ItemGroup>
  <ItemGroup>
    <ClCompile Include="src\KiwiPy.cpp">
      <Filter>Source Files</Filter>
    </ClCompile>
    <ClCompile Include="src\core\KFeatureTestor.cpp">
      <Filter>Source Files</Filter>
    </ClCompile>
    <ClCompile Include="src\core\KForm.cpp">
      <Filter>Source Files</Filter>
    </ClCompile>
    <ClCompile Include="src\core\Kiwi.cpp">
      <Filter>Source Files</Filter>
    </ClCompile>
    <ClCompile Include="src\core\KModelMgr.cpp">
      <Filter>Source Files</Filter>
    </ClCompile>
    <ClCompile Include="src\core\KNLangModel.cpp">
      <Filter>Source Files</Filter>
    </ClCompile>
    <ClCompile Include="src\core\KTrie.cpp">
      <Filter>Source Files</Filter>
    </ClCompile>
    <ClCompile Include="src\core\KWordDetector.cpp">
      <Filter>Source Files</Filter>
    </ClCompile>
    <ClCompile Include="src\core\Utils.cpp">
      <Filter>Source Files</Filter>
    </ClCompile>
    <ClCompile Include="src\core\serializer.cpp">
      <Filter>Source Files</Filter>
    </ClCompile>
    <ClCompile Include="src\core\PatternMatcher.cpp">
      <Filter>Source Files</Filter>
    </ClCompile>
  </ItemGroup>
  <ItemGroup>
    <None Include="setup.py" />
    <None Include="README.md" />
    <None Include="kiwipiepy\__init__.py" />
    <None Include="kiwipiepy\__main__.py" />
    <None Include="x64\Release\test.py">
      <Filter>Release</Filter>
    </None>
    <None Include="x64\Debug\test.py">
      <Filter>Debug</Filter>
    </None>
    <None Include=".github\workflows\deploy.yml" />
    <None Include=".github\workflows\pull_request_test.yml" />
  </ItemGroup>
  <ItemGroup>
    <ClInclude Include="src\core\BakedMap.hpp">
      <Filter>Header Files</Filter>
    </ClInclude>
    <ClInclude Include="src\core\KFeatureTestor.h">
      <Filter>Header Files</Filter>
    </ClInclude>
    <ClInclude Include="src\core\KForm.h">
      <Filter>Header Files</Filter>
    </ClInclude>
    <ClInclude Include="src\core\Kiwi.h">
      <Filter>Header Files</Filter>
    </ClInclude>
    <ClInclude Include="src\core\KiwiHeader.h">
      <Filter>Header Files</Filter>
    </ClInclude>
    <ClInclude Include="src\core\KMemory.h">
      <Filter>Header Files</Filter>
    </ClInclude>
    <ClInclude Include="src\core\KMemoryChar.h">
      <Filter>Header Files</Filter>
    </ClInclude>
    <ClInclude Include="src\core\KModelMgr.h">
      <Filter>Header Files</Filter>
    </ClInclude>
    <ClInclude Include="src\core\KNLangModel.h">
      <Filter>Header Files</Filter>
    </ClInclude>
    <ClInclude Include="src\core\KTrie.h">
      <Filter>Header Files</Filter>
    </ClInclude>
    <ClInclude Include="src\core\KWordDetector.h">
      <Filter>Header Files</Filter>
    </ClInclude>
    <ClInclude Include="src\core\logPoisson.h">
      <Filter>Header Files</Filter>
    </ClInclude>
    <ClInclude Include="src\core\ThreadPool.h">
      <Filter>Header Files</Filter>
    </ClInclude>
    <ClInclude Include="src\core\Trie.hpp">
      <Filter>Header Files</Filter>
    </ClInclude>
    <ClInclude Include="src\core\Utils.h">
      <Filter>Header Files</Filter>
    </ClInclude>
    <ClInclude Include="src\core\serializer.hpp">
      <Filter>Header Files</Filter>
    </ClInclude>
    <ClInclude Include="src\PyDoc.h">
      <Filter>Header Files</Filter>
    </ClInclude>
    <ClInclude Include="src\core\pattern.hpp">
      <Filter>Source Files</Filter>
    </ClInclude>
  </ItemGroup>
</Project>